
Microsoft Visual Studio Solution File, Format Version 12.00
# Visual Studio 15
VisualStudioVersion = 15.0.27428.2037
MinimumVisualStudioVersion = 10.0.40219.1
Project("{FAE04EC0-301F-11D3-BF4B-00C04F79EFBC}") = "WPF_SDK", "WPF_SDK\WPF_SDK.csproj", "{8446BF14-6BB7-43D9-9181-39BC1386D49E}"
EndProject
Global
	GlobalSection(SolutionConfigurationPlatforms) = preSolution
		Debug|Any CPU = Debug|Any CPU
		Release|Any CPU = Release|Any CPU
	EndGlobalSection
	GlobalSection(ProjectConfigurationPlatforms) = postSolution
		{8446BF14-6BB7-43D9-9181-39BC1386D49E}.Debug|Any CPU.ActiveCfg = Debug|Any CPU
		{8446BF14-6BB7-43D9-9181-39BC1386D49E}.Debug|Any CPU.Build.0 = Debug|Any CPU
		{8446BF14-6BB7-43D9-9181-39BC1386D49E}.Release|Any CPU.ActiveCfg = Release|Any CPU
		{8446BF14-6BB7-43D9-9181-39BC1386D49E}.Release|Any CPU.Build.0 = Release|Any CPU
	EndGlobalSection
	GlobalSection(SolutionProperties) = preSolution
		HideSolutionNode = FALSE
	EndGlobalSection
	GlobalSection(ExtensibilityGlobals) = postSolution
		SolutionGuid = {84AD0D9F-831D-41B7-93EA-6EFD5538BAF3}
	EndGlobalSection
EndGlobal
